// !$*UTF8*$!
{
	archiveVersion = 1;
	classes = {
	};
	objectVersion = 50;
	objects = {

/* Begin PBXBuildFile section */
		D869091826B2CDE20089D924 /* AppDelegate.swift in Sources */ = {isa = PBXBuildFile; fileRef = D869091726B2CDE20089D924 /* AppDelegate.swift */; };
		D869091A26B2CDE20089D924 /* SceneDelegate.swift in Sources */ = {isa = PBXBuildFile; fileRef = D869091926B2CDE20089D924 /* SceneDelegate.swift */; };
		D869092126B2CDF20089D924 /* Assets.xcassets in Resources */ = {isa = PBXBuildFile; fileRef = D869092026B2CDF20089D924 /* Assets.xcassets */; };
		D869092426B2CDF20089D924 /* LaunchScreen.storyboard in Resources */ = {isa = PBXBuildFile; fileRef = D869092226B2CDF20089D924 /* LaunchScreen.storyboard */; };
		D869092F26B2CDF20089D924 /* CustomNavigationBarTests.swift in Sources */ = {isa = PBXBuildFile; fileRef = D869092E26B2CDF20089D924 /* CustomNavigationBarTests.swift */; };
		D869093A26B2CDF20089D924 /* CustomNavigationBarUITests.swift in Sources */ = {isa = PBXBuildFile; fileRef = D869093926B2CDF20089D924 /* CustomNavigationBarUITests.swift */; };
		D869095A26B2D28E0089D924 /* ViewController.swift in Sources */ = {isa = PBXBuildFile; fileRef = D869095926B2D28E0089D924 /* ViewController.swift */; };
		D869096E26B2DE070089D924 /* CustomNavigationBar.swift in Sources */ = {isa = PBXBuildFile; fileRef = D869096D26B2DE070089D924 /* CustomNavigationBar.swift */; };
		D869097F26B2E0EB0089D924 /* ContactViewController.swift in Sources */ = {isa = PBXBuildFile; fileRef = D869097E26B2E0EB0089D924 /* ContactViewController.swift */; };
/* End PBXBuildFile section */

/* Begin PBXContainerItemProxy section */
		D869092B26B2CDF20089D924 /* PBXContainerItemProxy */ = {
			isa = PBXContainerItemProxy;
			containerPortal = D869090C26B2CDE20089D924 /* Project object */;
			proxyType = 1;
			remoteGlobalIDString = D869091326B2CDE20089D924;
			remoteInfo = CustomNavigationBar;
		};
		D869093626B2CDF20089D924 /* PBXContainerItemProxy */ = {
			isa = PBXContainerItemProxy;
			containerPortal = D869090C26B2CDE20089D924 /* Project object */;
			proxyType = 1;
			remoteGlobalIDString = D869091326B2CDE20089D924;
			remoteInfo = CustomNavigationBar;
		};
/* End PBXContainerItemProxy section */

/* Begin PBXFileReference section */
		D869091426B2CDE20089D924 /* CustomNavigationBar.app */ = {isa = PBXFileReference; explicitFileType = wrapper.application; includeInIndex = 0; path = CustomNavigationBar.app; sourceTree = BUILT_PRODUCTS_DIR; };
		D869091726B2CDE20089D924 /* AppDelegate.swift */ = {isa = PBXFileReference; lastKnownFileType = sourcecode.swift; path = AppDelegate.swift; sourceTree = "<group>"; };
		D869091926B2CDE20089D924 /* SceneDelegate.swift */ = {isa = PBXFileReference; lastKnownFileType = sourcecode.swift; path = SceneDelegate.swift; sourceTree = "<group>"; };
		D869092026B2CDF20089D924 /* Assets.xcassets */ = {isa = PBXFileReference; lastKnownFileType = folder.assetcatalog; path = Assets.xcassets; sourceTree = "<group>"; };
		D869092326B2CDF20089D924 /* Base */ = {isa = PBXFileReference; lastKnownFileType = file.storyboard; name = Base; path = Base.lproj/LaunchScreen.storyboard; sourceTree = "<group>"; };
		D869092526B2CDF20089D924 /* Info.plist */ = {isa = PBXFileReference; lastKnownFileType = text.plist.xml; path = Info.plist; sourceTree = "<group>"; };
		D869092A26B2CDF20089D924 /* CustomNavigationBarTests.xctest */ = {isa = PBXFileReference; explicitFileType = wrapper.cfbundle; includeInIndex = 0; path = CustomNavigationBarTests.xctest; sourceTree = BUILT_PRODUCTS_DIR; };
		D869092E26B2CDF20089D924 /* CustomNavigationBarTests.swift */ = {isa = PBXFileReference; lastKnownFileType = sourcecode.swift; path = CustomNavigationBarTests.swift; sourceTree = "<group>"; };
		D869093026B2CDF20089D924 /* Info.plist */ = {isa = PBXFileReference; lastKnownFileType = text.plist.xml; path = Info.plist; sourceTree = "<group>"; };
		D869093526B2CDF20089D924 /* CustomNavigationBarUITests.xctest */ = {isa = PBXFileReference; explicitFileType = wrapper.cfbundle; includeInIndex = 0; path = CustomNavigationBarUITests.xctest; sourceTree = BUILT_PRODUCTS_DIR; };
		D869093926B2CDF20089D924 /* CustomNavigationBarUITests.swift */ = {isa = PBXFileReference; lastKnownFileType = sourcecode.swift; path = CustomNavigationBarUITests.swift; sourceTree = "<group>"; };
		D869093B26B2CDF20089D924 /* Info.plist */ = {isa = PBXFileReference; lastKnownFileType = text.plist.xml; path = Info.plist; sourceTree = "<group>"; };
		D869095926B2D28E0089D924 /* ViewController.swift */ = {isa = PBXFileReference; lastKnownFileType = sourcecode.swift; path = ViewController.swift; sourceTree = "<group>"; };
		D869096D26B2DE070089D924 /* CustomNavigationBar.swift */ = {isa = PBXFileReference; lastKnownFileType = sourcecode.swift; path = CustomNavigationBar.swift; sourceTree = "<group>"; };
		D869097E26B2E0EB0089D924 /* ContactViewController.swift */ = {isa = PBXFileReference; lastKnownFileType = sourcecode.swift; path = ContactViewController.swift; sourceTree = "<group>"; };
/* End PBXFileReference section */

/* Begin PBXFrameworksBuildPhase section */
		D869091126B2CDE20089D924 /* Frameworks */ = {
			isa = PBXFrameworksBuildPhase;
			buildActionMask = 2147483647;
			files = (
			);
			runOnlyForDeploymentPostprocessing = 0;
		};
		D869092726B2CDF20089D924 /* Frameworks */ = {
			isa = PBXFrameworksBuildPhase;
			buildActionMask = 2147483647;
			files = (
			);
			runOnlyForDeploymentPostprocessing = 0;
		};
		D869093226B2CDF20089D924 /* Frameworks */ = {
			isa = PBXFrameworksBuildPhase;
			buildActionMask = 2147483647;
			files = (
			);
			runOnlyForDeploymentPostprocessing = 0;
		};
/* End PBXFrameworksBuildPhase section */

/* Begin PBXGroup section */
		D869090B26B2CDE20089D924 = {
			isa = PBXGroup;
			children = (
				D869091626B2CDE20089D924 /* CustomNavigationBar */,
				D869092D26B2CDF20089D924 /* CustomNavigationBarTests */,
				D869093826B2CDF20089D924 /* CustomNavigationBarUITests */,
				D869091526B2CDE20089D924 /* Products */,
			);
			sourceTree = "<group>";
		};
		D869091526B2CDE20089D924 /* Products */ = {
			isa = PBXGroup;
			children = (
				D869091426B2CDE20089D924 /* CustomNavigationBar.app */,
				D869092A26B2CDF20089D924 /* CustomNavigationBarTests.xctest */,
				D869093526B2CDF20089D924 /* CustomNavigationBarUITests.xctest */,
			);
			name = Products;
			sourceTree = "<group>";
		};
		D869091626B2CDE20089D924 /* CustomNavigationBar */ = {
			isa = PBXGroup;
			children = (
				D869091726B2CDE20089D924 /* AppDelegate.swift */,
				D869091926B2CDE20089D924 /* SceneDelegate.swift */,
				D869095926B2D28E0089D924 /* ViewController.swift */,
				D869097E26B2E0EB0089D924 /* ContactViewController.swift */,
				D869096D26B2DE070089D924 /* CustomNavigationBar.swift */,
				D869092026B2CDF20089D924 /* Assets.xcassets */,
				D869092226B2CDF20089D924 /* LaunchScreen.storyboard */,
				D869092526B2CDF20089D924 /* Info.plist */,
			);
			path = CustomNavigationBar;
			sourceTree = "<group>";
		};
		D869092D26B2CDF20089D924 /* CustomNavigationBarTests */ = {
			isa = PBXGroup;
			children = (
				D869092E26B2CDF20089D924 /* CustomNavigationBarTests.swift */,
				D869093026B2CDF20089D924 /* Info.plist */,
			);
			path = CustomNavigationBarTests;
			sourceTree = "<group>";
		};
		D869093826B2CDF20089D924 /* CustomNavigationBarUITests */ = {
			isa = PBXGroup;
			children = (
				D869093926B2CDF20089D924 /* CustomNavigationBarUITests.swift */,
				D869093B26B2CDF20089D924 /* Info.plist */,
			);
			path = CustomNavigationBarUITests;
			sourceTree = "<group>";
		};
/* End PBXGroup section */

/* Begin PBXNativeTarget section */
		D869091326B2CDE20089D924 /* CustomNavigationBar */ = {
			isa = PBXNativeTarget;
			buildConfigurationList = D869093E26B2CDF20089D924 /* Build configuration list for PBXNativeTarget "CustomNavigationBar" */;
			buildPhases = (
				D869091026B2CDE20089D924 /* Sources */,
				D869091126B2CDE20089D924 /* Frameworks */,
				D869091226B2CDE20089D924 /* Resources */,
			);
			buildRules = (
			);
			dependencies = (
			);
			name = CustomNavigationBar;
			productName = CustomNavigationBar;
			productReference = D869091426B2CDE20089D924 /* CustomNavigationBar.app */;
			productType = "com.apple.product-type.application";
		};
		D869092926B2CDF20089D924 /* CustomNavigationBarTests */ = {
			isa = PBXNativeTarget;
			buildConfigurationList = D869094126B2CDF20089D924 /* Build configuration list for PBXNativeTarget "CustomNavigationBarTests" */;
			buildPhases = (
				D869092626B2CDF20089D924 /* Sources */,
				D869092726B2CDF20089D924 /* Frameworks */,
				D869092826B2CDF20089D924 /* Resources */,
			);
			buildRules = (
			);
			dependencies = (
				D869092C26B2CDF20089D924 /* PBXTargetDependency */,
			);
			name = CustomNavigationBarTests;
			productName = CustomNavigationBarTests;
			productReference = D869092A26B2CDF20089D924 /* CustomNavigationBarTests.xctest */;
			productType = "com.apple.product-type.bundle.unit-test";
		};
		D869093426B2CDF20089D924 /* CustomNavigationBarUITests */ = {
			isa = PBXNativeTarget;
			buildConfigurationList = D869094426B2CDF20089D924 /* Build configuration list for PBXNativeTarget "CustomNavigationBarUITests" */;
			buildPhases = (
				D869093126B2CDF20089D924 /* Sources */,
				D869093226B2CDF20089D924 /* Frameworks */,
				D869093326B2CDF20089D924 /* Resources */,
			);
			buildRules = (
			);
			dependencies = (
				D869093726B2CDF20089D924 /* PBXTargetDependency */,
			);
			name = CustomNavigationBarUITests;
			productName = CustomNavigationBarUITests;
			productReference = D869093526B2CDF20089D924 /* CustomNavigationBarUITests.xctest */;
			productType = "com.apple.product-type.bundle.ui-testing";
		};
/* End PBXNativeTarget section */

/* Begin PBXProject section */
		D869090C26B2CDE20089D924 /* Project object */ = {
			isa = PBXProject;
			attributes = {
				LastSwiftUpdateCheck = 1240;
				LastUpgradeCheck = 1240;
				TargetAttributes = {
					D869091326B2CDE20089D924 = {
						CreatedOnToolsVersion = 12.4;
					};
					D869092926B2CDF20089D924 = {
						CreatedOnToolsVersion = 12.4;
						TestTargetID = D869091326B2CDE20089D924;
					};
					D869093426B2CDF20089D924 = {
						CreatedOnToolsVersion = 12.4;
						TestTargetID = D869091326B2CDE20089D924;
					};
				};
			};
			buildConfigurationList = D869090F26B2CDE20089D924 /* Build configuration list for PBXProject "CustomNavigationBar" */;
			compatibilityVersion = "Xcode 9.3";
			developmentRegion = en;
			hasScannedForEncodings = 0;
			knownRegions = (
				en,
				Base,
			);
			mainGroup = D869090B26B2CDE20089D924;
			productRefGroup = D869091526B2CDE20089D924 /* Products */;
			projectDirPath = "";
			projectRoot = "";
			targets = (
				D869091326B2CDE20089D924 /* CustomNavigationBar */,
				D869092926B2CDF20089D924 /* CustomNavigationBarTests */,
				D869093426B2CDF20089D924 /* CustomNavigationBarUITests */,
			);
		};
/* End PBXProject section */

/* Begin PBXResourcesBuildPhase section */
		D869091226B2CDE20089D924 /* Resources */ = {
			isa = PBXResourcesBuildPhase;
			buildActionMask = 2147483647;
			files = (
				D869092426B2CDF20089D924 /* LaunchScreen.storyboard in Resources */,
				D869092126B2CDF20089D924 /* Assets.xcassets in Resources */,
			);
			runOnlyForDeploymentPostprocessing = 0;
		};
		D869092826B2CDF20089D924 /* Resources */ = {
			isa = PBXResourcesBuildPhase;
			buildActionMask = 2147483647;
			files = (
			);
			runOnlyForDeploymentPostprocessing = 0;
		};
		D869093326B2CDF20089D924 /* Resources */ = {
			isa = PBXResourcesBuildPhase;
			buildActionMask = 2147483647;
			files = (
			);
			runOnlyForDeploymentPostprocessing = 0;
		};
/* End PBXResourcesBuildPhase section */

/* Begin PBXSourcesBuildPhase section */
		D869091026B2CDE20089D924 /* Sources */ = {
			isa = PBXSourcesBuildPhase;
			buildActionMask = 2147483647;
			files = (
				D869091826B2CDE20089D924 /* AppDelegate.swift in Sources */,
				D869095A26B2D28E0089D924 /* ViewController.swift in Sources */,
				D869096E26B2DE070089D924 /* CustomNavigationBar.swift in Sources */,
				D869091A26B2CDE20089D924 /* SceneDelegate.swift in Sources */,
				D869097F26B2E0EB0089D924 /* ContactViewController.swift in Sources */,
			);
			runOnlyForDeploymentPostprocessing = 0;
		};
		D869092626B2CDF20089D924 /* Sources */ = {
			isa = PBXSourcesBuildPhase;
			buildActionMask = 2147483647;
			files = (
				D869092F26B2CDF20089D924 /* CustomNavigationBarTests.swift in Sources */,
			);
			runOnlyForDeploymentPostprocessing = 0;
		};
		D869093126B2CDF20089D924 /* Sources */ = {
			isa = PBXSourcesBuildPhase;
			buildActionMask = 2147483647;
			files = (
				D869093A26B2CDF20089D924 /* CustomNavigationBarUITests.swift in Sources */,
			);
			runOnlyForDeploymentPostprocessing = 0;
		};
/* End PBXSourcesBuildPhase section */

/* Begin PBXTargetDependency section */
		D869092C26B2CDF20089D924 /* PBXTargetDependency */ = {
			isa = PBXTargetDependency;
			target = D869091326B2CDE20089D924 /* CustomNavigationBar */;
			targetProxy = D869092B26B2CDF20089D924 /* PBXContainerItemProxy */;
		};
		D869093726B2CDF20089D924 /* PBXTargetDependency */ = {
			isa = PBXTargetDependency;
			target = D869091326B2CDE20089D924 /* CustomNavigationBar */;
			targetProxy = D869093626B2CDF20089D924 /* PBXContainerItemProxy */;
		};
/* End PBXTargetDependency section */

/* Begin PBXVariantGroup section */
		D869092226B2CDF20089D924 /* LaunchScreen.storyboard */ = {
			isa = PBXVariantGroup;
			children = (
				D869092326B2CDF20089D924 /* Base */,
			);
			name = LaunchScreen.storyboard;
			sourceTree = "<group>";
		};
/* End PBXVariantGroup section */

/* Begin XCBuildConfiguration section */
		D869093C26B2CDF20089D924 /* Debug */ = {
			isa = XCBuildConfiguration;
			buildSettings = {
				ALWAYS_SEARCH_USER_PATHS = NO;
				CLANG_ANALYZER_NONNULL = YES;
				CLANG_ANALYZER_NUMBER_OBJECT_CONVERSION = YES_AGGRESSIVE;
				CLANG_CXX_LANGUAGE_STANDARD = "gnu++14";
				CLANG_CXX_LIBRARY = "libc++";
				CLANG_ENABLE_MODULES = YES;
				CLANG_ENABLE_OBJC_ARC = YES;
				CLANG_ENABLE_OBJC_WEAK = YES;
				CLANG_WARN_BLOCK_CAPTURE_AUTORELEASING = YES;
				CLANG_WARN_BOOL_CONVERSION = YES;
				CLANG_WARN_COMMA = YES;
				CLANG_WARN_CONSTANT_CONVERSION = YES;
				CLANG_WARN_DEPRECATED_OBJC_IMPLEMENTATIONS = YES;
				CLANG_WARN_DIRECT_OBJC_ISA_USAGE = YES_ERROR;
				CLANG_WARN_DOCUMENTATION_COMMENTS = YES;
				CLANG_WARN_EMPTY_BODY = YES;
				CLANG_WARN_ENUM_CONVERSION = YES;
				CLANG_WARN_INFINITE_RECURSION = YES;
				CLANG_WARN_INT_CONVERSION = YES;
				CLANG_WARN_NON_LITERAL_NULL_CONVERSION = YES;
				CLANG_WARN_OBJC_IMPLICIT_RETAIN_SELF = YES;
				CLANG_WARN_OBJC_LITERAL_CONVERSION = YES;
				CLANG_WARN_OBJC_ROOT_CLASS = YES_ERROR;
				CLANG_WARN_QUOTED_INCLUDE_IN_FRAMEWORK_HEADER = YES;
				CLANG_WARN_RANGE_LOOP_ANALYSIS = YES;
				CLANG_WARN_STRICT_PROTOTYPES = YES;
				CLANG_WARN_SUSPICIOUS_MOVE = YES;
				CLANG_WARN_UNGUARDED_AVAILABILITY = YES_AGGRESSIVE;
				CLANG_WARN_UNREACHABLE_CODE = YES;
				CLANG_WARN__DUPLICATE_METHOD_MATCH = YES;
				COPY_PHASE_STRIP = NO;
				DEBUG_INFORMATION_FORMAT = dwarf;
				ENABLE_STRICT_OBJC_MSGSEND = YES;
				ENABLE_TESTABILITY = YES;
				GCC_C_LANGUAGE_STANDARD = gnu11;
				GCC_DYNAMIC_NO_PIC = NO;
				GCC_NO_COMMON_BLOCKS = YES;
				GCC_OPTIMIZATION_LEVEL = 0;
				GCC_PREPROCESSOR_DEFINITIONS = (
					"DEBUG=1",
					"$(inherited)",
				);
				GCC_WARN_64_TO_32_BIT_CONVERSION = YES;
				GCC_WARN_ABOUT_RETURN_TYPE = YES_ERROR;
				GCC_WARN_UNDECLARED_SELECTOR = YES;
				GCC_WARN_UNINITIALIZED_AUTOS = YES_AGGRESSIVE;
				GCC_WARN_UNUSED_FUNCTION = YES;
				GCC_WARN_UNUSED_VARIABLE = YES;
				IPHONEOS_DEPLOYMENT_TARGET = 14.4;
				MTL_ENABLE_DEBUG_INFO = INCLUDE_SOURCE;
				MTL_FAST_MATH = YES;
				ONLY_ACTIVE_ARCH = YES;
				SDKROOT = iphoneos;
				SWIFT_ACTIVE_COMPILATION_CONDITIONS = DEBUG;
				SWIFT_OPTIMIZATION_LEVEL = "-Onone";
			};
			name = Debug;
		};
		D869093D26B2CDF20089D924 /* Release */ = {
			isa = XCBuildConfiguration;
			buildSettings = {
				ALWAYS_SEARCH_USER_PATHS = NO;
				CLANG_ANALYZER_NONNULL = YES;
				CLANG_ANALYZER_NUMBER_OBJECT_CONVERSION = YES_AGGRESSIVE;
				CLANG_CXX_LANGUAGE_STANDARD = "gnu++14";
				CLANG_CXX_LIBRARY = "libc++";
				CLANG_ENABLE_MODULES = YES;
				CLANG_ENABLE_OBJC_ARC = YES;
				CLANG_ENABLE_OBJC_WEAK = YES;
				CLANG_WARN_BLOCK_CAPTURE_AUTORELEASING = YES;
				CLANG_WARN_BOOL_CONVERSION = YES;
				CLANG_WARN_COMMA = YES;
				CLANG_WARN_CONSTANT_CONVERSION = YES;
				CLANG_WARN_DEPRECATED_OBJC_IMPLEMENTATIONS = YES;
				CLANG_WARN_DIRECT_OBJC_ISA_USAGE = YES_ERROR;
				CLANG_WARN_DOCUMENTATION_COMMENTS = YES;
				CLANG_WARN_EMPTY_BODY = YES;
				CLANG_WARN_ENUM_CONVERSION = YES;
				CLANG_WARN_INFINITE_RECURSION = YES;
				CLANG_WARN_INT_CONVERSION = YES;
				CLANG_WARN_NON_LITERAL_NULL_CONVERSION = YES;
				CLANG_WARN_OBJC_IMPLICIT_RETAIN_SELF = YES;
				CLANG_WARN_OBJC_LITERAL_CONVERSION = YES;
				CLANG_WARN_OBJC_ROOT_CLASS = YES_ERROR;
				CLANG_WARN_QUOTED_INCLUDE_IN_FRAMEWORK_HEADER = YES;
				CLANG_WARN_RANGE_LOOP_ANALYSIS = YES;
				CLANG_WARN_STRICT_PROTOTYPES = YES;
				CLANG_WARN_SUSPICIOUS_MOVE = YES;
				CLANG_WARN_UNGUARDED_AVAILABILITY = YES_AGGRESSIVE;
				CLANG_WARN_UNREACHABLE_CODE = YES;
				CLANG_WARN__DUPLICATE_METHOD_MATCH = YES;
				COPY_PHASE_STRIP = NO;
				DEBUG_INFORMATION_FORMAT = "dwarf-with-dsym";
				ENABLE_NS_ASSERTIONS = NO;
				ENABLE_STRICT_OBJC_MSGSEND = YES;
				GCC_C_LANGUAGE_STANDARD = gnu11;
				GCC_NO_COMMON_BLOCKS = YES;
				GCC_WARN_64_TO_32_BIT_CONVERSION = YES;
				GCC_WARN_ABOUT_RETURN_TYPE = YES_ERROR;
				GCC_WARN_UNDECLARED_SELECTOR = YES;
				GCC_WARN_UNINITIALIZED_AUTOS = YES_AGGRESSIVE;
				GCC_WARN_UNUSED_FUNCTION = YES;
				GCC_WARN_UNUSED_VARIABLE = YES;
				IPHONEOS_DEPLOYMENT_TARGET = 14.4;
				MTL_ENABLE_DEBUG_INFO = NO;
				MTL_FAST_MATH = YES;
				SDKROOT = iphoneos;
				SWIFT_COMPILATION_MODE = wholemodule;
				SWIFT_OPTIMIZATION_LEVEL = "-O";
				VALIDATE_PRODUCT = YES;
			};
			name = Release;
		};
		D869093F26B2CDF20089D924 /* Debug */ = {
			isa = XCBuildConfiguration;
			buildSettings = {
				ASSETCATALOG_COMPILER_APPICON_NAME = AppIcon;
				ASSETCATALOG_COMPILER_GLOBAL_ACCENT_COLOR_NAME = AccentColor;
				CODE_SIGN_STYLE = Automatic;
				DEVELOPMENT_TEAM = 9J35TQ48R5;
				INFOPLIST_FILE = CustomNavigationBar/Info.plist;
				LD_RUNPATH_SEARCH_PATHS = (
					"$(inherited)",
					"@executable_path/Frameworks",
				);
				PRODUCT_BUNDLE_IDENTIFIER = soulWave.CustomNavigationBar;
				PRODUCT_NAME = "$(TARGET_NAME)";
				SWIFT_VERSION = 5.0;
				TARGETED_DEVICE_FAMILY = "1,2";
			};
			name = Debug;
		};
		D869094026B2CDF20089D924 /* Release */ = {
			isa = XCBuildConfiguration;
			buildSettings = {
				ASSETCATALOG_COMPILER_APPICON_NAME = AppIcon;
				ASSETCATALOG_COMPILER_GLOBAL_ACCENT_COLOR_NAME = AccentColor;
				CODE_SIGN_STYLE = Automatic;
				DEVELOPMENT_TEAM = 9J35TQ48R5;
				INFOPLIST_FILE = CustomNavigationBar/Info.plist;
				LD_RUNPATH_SEARCH_PATHS = (
					"$(inherited)",
					"@executable_path/Frameworks",
				);
				PRODUCT_BUNDLE_IDENTIFIER = soulWave.CustomNavigationBar;
				PRODUCT_NAME = "$(TARGET_NAME)";
				SWIFT_VERSION = 5.0;
				TARGETED_DEVICE_FAMILY = "1,2";
			};
			name = Release;
		};
		D869094226B2CDF20089D924 /* Debug */ = {
			isa = XCBuildConfiguration;
			buildSettings = {
				ALWAYS_EMBED_SWIFT_STANDARD_LIBRARIES = YES;
				BUNDLE_LOADER = "$(TEST_HOST)";
				CODE_SIGN_STYLE = Automatic;
				DEVELOPMENT_TEAM = 9J35TQ48R5;
				INFOPLIST_FILE = CustomNavigationBarTests/Info.plist;
				IPHONEOS_DEPLOYMENT_TARGET = 14.4;
				LD_RUNPATH_SEARCH_PATHS = (
					"$(inherited)",
					"@executable_path/Frameworks",
					"@loader_path/Frameworks",
				);
				PRODUCT_BUNDLE_IDENTIFIER = soulWave.CustomNavigationBarTests;
				PRODUCT_NAME = "$(TARGET_NAME)";
				SWIFT_VERSION = 5.0;
				TARGETED_DEVICE_FAMILY = "1,2";
				TEST_HOST = "$(BUILT_PRODUCTS_DIR)/CustomNavigationBar.app/CustomNavigationBar";
			};
			name = Debug;
		};
		D869094326B2CDF20089D924 /* Release */ = {
			isa = XCBuildConfiguration;
			buildSettings = {
				ALWAYS_EMBED_SWIFT_STANDARD_LIBRARIES = YES;
				BUNDLE_LOADER = "$(TEST_HOST)";
				CODE_SIGN_STYLE = Automatic;
				DEVELOPMENT_TEAM = 9J35TQ48R5;
				INFOPLIST_FILE = CustomNavigationBarTests/Info.plist;
				IPHONEOS_DEPLOYMENT_TARGET = 14.4;
				LD_RUNPATH_SEARCH_PATHS = (
					"$(inherited)",
					"@executable_path/Frameworks",
					"@loader_path/Frameworks",
				);
				PRODUCT_BUNDLE_IDENTIFIER = soulWave.CustomNavigationBarTests;
				PRODUCT_NAME = "$(TARGET_NAME)";
				SWIFT_VERSION = 5.0;
				TARGETED_DEVICE_FAMILY = "1,2";
				TEST_HOST = "$(BUILT_PRODUCTS_DIR)/CustomNavigationBar.app/CustomNavigationBar";
			};
			name = Release;
		};
		D869094526B2CDF20089D924 /* Debug */ = {
			isa = XCBuildConfiguration;
			buildSettings = {
				ALWAYS_EMBED_SWIFT_STANDARD_LIBRARIES = YES;
				CODE_SIGN_STYLE = Automatic;
				DEVELOPMENT_TEAM = 9J35TQ48R5;
				INFOPLIST_FILE = CustomNavigationBarUITests/Info.plist;
				LD_RUNPATH_SEARCH_PATHS = (
					"$(inherited)",
					"@executable_path/Frameworks",
					"@loader_path/Frameworks",
				);
				PRODUCT_BUNDLE_IDENTIFIER = soulWave.CustomNavigationBarUITests;
				PRODUCT_NAME = "$(TARGET_NAME)";
				SWIFT_VERSION = 5.0;
				TARGETED_DEVICE_FAMILY = "1,2";
				TEST_TARGET_NAME = CustomNavigationBar;
			};
			name = Debug;
		};
		D869094626B2CDF20089D924 /* Release */ = {
			isa = XCBuildConfiguration;
			buildSettings = {
				ALWAYS_EMBED_SWIFT_STANDARD_LIBRARIES = YES;
				CODE_SIGN_STYLE = Automatic;
				DEVELOPMENT_TEAM = 9J35TQ48R5;
				INFOPLIST_FILE = CustomNavigationBarUITests/Info.plist;
				LD_RUNPATH_SEARCH_PATHS = (
					"$(inherited)",
					"@executable_path/Frameworks",
					"@loader_path/Frameworks",
				);
				PRODUCT_BUNDLE_IDENTIFIER = soulWave.CustomNavigationBarUITests;
				PRODUCT_NAME = "$(TARGET_NAME)";
				SWIFT_VERSION = 5.0;
				TARGETED_DEVICE_FAMILY = "1,2";
				TEST_TARGET_NAME = CustomNavigationBar;
			};
			name = Release;
		};
/* End XCBuildConfiguration section */

/* Begin XCConfigurationList section */
		D869090F26B2CDE20089D924 /* Build configuration list for PBXProject "CustomNavigationBar" */ = {
			isa = XCConfigurationList;
			buildConfigurations = (
				D869093C26B2CDF20089D924 /* Debug */,
				D869093D26B2CDF20089D924 /* Release */,
			);
			defaultConfigurationIsVisible = 0;
			defaultConfigurationName = Release;
		};
		D869093E26B2CDF20089D924 /* Build configuration list for PBXNativeTarget "CustomNavigationBar" */ = {
			isa = XCConfigurationList;
			buildConfigurations = (
				D869093F26B2CDF20089D924 /* Debug */,
				D869094026B2CDF20089D924 /* Release */,
			);
			defaultConfigurationIsVisible = 0;
			defaultConfigurationName = Release;
		};
		D869094126B2CDF20089D924 /* Build configuration list for PBXNativeTarget "CustomNavigationBarTests" */ = {
			isa = XCConfigurationList;
			buildConfigurations = (
				D869094226B2CDF20089D924 /* Debug */,
				D869094326B2CDF20089D924 /* Release */,
			);
			defaultConfigurationIsVisible = 0;
			defaultConfigurationName = Release;
		};
		D869094426B2CDF20089D924 /* Build configuration list for PBXNativeTarget "CustomNavigationBarUITests" */ = {
			isa = XCConfigurationList;
			buildConfigurations = (
				D869094526B2CDF20089D924 /* Debug */,
				D869094626B2CDF20089D924 /* Release */,
			);
			defaultConfigurationIsVisible = 0;
			defaultConfigurationName = Release;
		};
/* End XCConfigurationList section */
	};
	rootObject = D869090C26B2CDE20089D924 /* Project object */;
}
